
Microsoft Visual Studio Solution File, Format Version 12.00
# Visual Studio Version 17
VisualStudioVersion = 17.7.34018.315
MinimumVisualStudioVersion = 10.0.40219.1
Project("{FAE04EC0-301F-11D3-BF4B-00C04F79EFBC}") = "Polymorphism", "Polymorphism\Polymorphism.csproj", "{2E463D4C-AC53-465E-8320-ABF2DC660A22}"
EndProject
Global
	GlobalSection(SolutionConfigurationPlatforms) = preSolution
		Debug|Any CPU = Debug|Any CPU
		Release|Any CPU = Release|Any CPU
	EndGlobalSection
	GlobalSection(ProjectConfigurationPlatforms) = postSolution
		{2E463D4C-AC53-465E-8320-ABF2DC660A22}.Debug|Any CPU.ActiveCfg = Debug|Any CPU
		{2E463D4C-AC53-465E-8320-ABF2DC660A22}.Debug|Any CPU.Build.0 = Debug|Any CPU
		{2E463D4C-AC53-465E-8320-ABF2DC660A22}.Release|Any CPU.ActiveCfg = Release|Any CPU
		{2E463D4C-AC53-465E-8320-ABF2DC660A22}.Release|Any CPU.Build.0 = Release|Any CPU
	EndGlobalSection
	GlobalSection(SolutionProperties) = preSolution
		HideSolutionNode = FALSE
	EndGlobalSection
	GlobalSection(ExtensibilityGlobals) = postSolution
		SolutionGuid = {F5C85788-F5A3-44B3-A793-959407A0EEA7}
	EndGlobalSection
EndGlobal
